
Microsoft Visual Studio Solution File, Format Version 12.00
# Visual Studio 2013
VisualStudioVersion = 12.0.31101.0
MinimumVisualStudioVersion = 10.0.40219.1
Project("{2150E333-8FDC-42A3-9474-1A3956D46DE8}") = "Hafta01", "Hafta01", "{5578D600-1337-4CC2-B6BA-824F70B197EE}"
EndProject
Project("{FAE04EC0-301F-11D3-BF4B-00C04F79EFBC}") = "a001HW", "a001HW\a001HW.csproj", "{8F011423-7CE1-49C2-A482-68A46F73DFCE}"
EndProject
Project("{FAE04EC0-301F-11D3-BF4B-00C04F79EFBC}") = "a002Variables", "a002Variables\a002Variables.csproj", "{81E23217-D04B-45C4-94AE-9D2B7391C4E2}"
EndProject
Project("{FAE04EC0-301F-11D3-BF4B-00C04F79EFBC}") = "a003NameRules", "a003NameRules\a003NameRules.csproj", "{9BA8CACD-EEC3-4EAB-A520-7D5BAFFD76D6}"
EndProject
Project("{FAE04EC0-301F-11D3-BF4B-00C04F79EFBC}") = "a004Type", "a004Type\a004Type.csproj", "{9A3EFFEB-61B6-4139-B139-785DCDE4328D}"
EndProject
Project("{FAE04EC0-301F-11D3-BF4B-00C04F79EFBC}") = "a005Object", "a005Object\a005Object.csproj", "{C7BD8BAD-2F54-41F3-A1DE-93800EB617CC}"
EndProject
Project("{FAE04EC0-301F-11D3-BF4B-00C04F79EFBC}") = "a006Operatorler", "a006Operatorler\a006Operatorler.csproj", "{228936F9-A4D8-47DC-96C8-0316FFC3793B}"
EndProject
Project("{FAE04EC0-301F-11D3-BF4B-00C04F79EFBC}") = "a007KarsilastirmaOperatorleri", "a007KarsilastirmaOperatorleri\a007KarsilastirmaOperatorleri.csproj", "{5DEA1F19-9110-4D89-8078-2BA39796BA3D}"
EndProject
Project("{FAE04EC0-301F-11D3-BF4B-00C04F79EFBC}") = "a008MantiksalOperatorler", "a008MantiksalOperatorler\a008MantiksalOperatorler.csproj", "{45848893-BCCB-4F5F-B395-F41C57960ACD}"
EndProject
Project("{FAE04EC0-301F-11D3-BF4B-00C04F79EFBC}") = "a009Ternary", "a009Ternary\a009Ternary.csproj", "{698893C4-1487-4939-AB86-59DC36BA430C}"
EndProject
Project("{FAE04EC0-301F-11D3-BF4B-00C04F79EFBC}") = "a010TypeOf", "a010TypeOf\a010TypeOf.csproj", "{1BB565E5-631B-4529-A36C-3D4D08FEFFEC}"
EndProject
Project("{FAE04EC0-301F-11D3-BF4B-00C04F79EFBC}") = "a011Math", "a011Math\a011Math.csproj", "{809028A4-84D7-4538-9810-9B26CDA24CC5}"
EndProject
Project("{FAE04EC0-301F-11D3-BF4B-00C04F79EFBC}") = "a012MathApp", "a012MathApp\a012MathApp.csproj", "{3798F9C5-2D49-4F92-B122-372D00D31EC3}"
EndProject
Project("{FAE04EC0-301F-11D3-BF4B-00C04F79EFBC}") = "a013MathAppSol", "a013MathAppSol\a013MathAppSol.csproj", "{68121D3E-B97D-48DE-9C1B-0D278B561A67}"
EndProject
Project("{FAE04EC0-301F-11D3-BF4B-00C04F79EFBC}") = "a014MathAppSol2", "a014MathAppSol2\a014MathAppSol2.csproj", "{8C267CC7-74FD-445B-88D8-6FBCF2F804EB}"
EndProject
Project("{2150E333-8FDC-42A3-9474-1A3956D46DE8}") = "Hafta02", "Hafta02", "{FC07380A-5370-4CB5-B531-7C659D5600D2}"
EndProject
Project("{FAE04EC0-301F-11D3-BF4B-00C04F79EFBC}") = "a015DegiskenOrnek", "a015DegiskenOrnek\a015DegiskenOrnek.csproj", "{53CCA27C-29DE-427A-9C1B-0B4D0EDDCEC1}"
EndProject
Project("{FAE04EC0-301F-11D3-BF4B-00C04F79EFBC}") = "a016Selamlama", "a016Selamlama\a016Selamlama.csproj", "{298FEB3A-F2C1-4024-9E2D-8D936D618619}"
EndProject
Project("{FAE04EC0-301F-11D3-BF4B-00C04F79EFBC}") = "a017WinformsSelamlama", "a017WinformsSelamlama\a017WinformsSelamlama.csproj", "{BE5F2152-469E-438C-B99E-4F493BB81867}"
EndProject
Project("{FAE04EC0-301F-11D3-BF4B-00C04F79EFBC}") = "a018Cember", "a018Cember\a018Cember.csproj", "{C5432465-396F-43B2-A3B4-B8F9BD452DCD}"
EndProject
Project("{FAE04EC0-301F-11D3-BF4B-00C04F79EFBC}") = "a018CemberConsole", "a018CemberConsole\a018CemberConsole.csproj", "{4EBBF5F7-E581-47DC-91AE-00D912A3EB3F}"
EndProject
Project("{FAE04EC0-301F-11D3-BF4B-00C04F79EFBC}") = "a019MatematikIslemler", "a019MatematikIslemler\a019MatematikIslemler.csproj", "{CD00F84A-C58C-4AC7-B3DA-E16346ED49D5}"
EndProject
Project("{FAE04EC0-301F-11D3-BF4B-00C04F79EFBC}") = "a020MatematikOp", "a020MatematikOp\a020MatematikOp.csproj", "{646D94AA-2654-4321-8890-61EA250835C1}"
EndProject
Project("{FAE04EC0-301F-11D3-BF4B-00C04F79EFBC}") = "a021TurDonusumu", "a021TurDonusumu\a021TurDonusumu.csproj", "{E9B02C29-3A22-42DE-A6FF-059826F0F2E7}"
EndProject
Project("{FAE04EC0-301F-11D3-BF4B-00C04F79EFBC}") = "a022StringDonusum", "a022StringDonusum\a022StringDonusum.csproj", "{998C92ED-2517-4952-87E3-0C881E39CEB7}"
EndProject
Project("{FAE04EC0-301F-11D3-BF4B-00C04F79EFBC}") = "a023StringDonusumOrnek", "a023StringDonusumOrnek\a023StringDonusumOrnek.csproj", "{1C5EE993-786A-4766-85E1-7D68E79B7215}"
EndProject
Project("{FAE04EC0-301F-11D3-BF4B-00C04F79EFBC}") = "a024ConvertSinifi", "a024ConvertSinifi\a024ConvertSinifi.csproj", "{763C6FB0-6106-4993-9202-E972257278B6}"
EndProject
Project("{FAE04EC0-301F-11D3-BF4B-00C04F79EFBC}") = "a025ConvertUygulama", "a025ConvertUygulama\a025ConvertUygulama.csproj", "{5322D9F1-EA14-43D2-9C1F-987F72CF07FE}"
EndProject
Project("{FAE04EC0-301F-11D3-BF4B-00C04F79EFBC}") = "a026DonusumUygulama", "a026DonusumUygulama\a026DonusumUygulama.csproj", "{899D1065-7FEA-445E-8F63-0D344BAFF14C}"
EndProject
Project("{FAE04EC0-301F-11D3-BF4B-00C04F79EFBC}") = "a027Kosul", "a027Kosul\a027Kosul.csproj", "{05A6D3FA-E8D1-4209-9B6B-A6BC08DC4E4B}"
EndProject
Project("{FAE04EC0-301F-11D3-BF4B-00C04F79EFBC}") = "a028KosulUygulama", "a028KosulUygulama\a028KosulUygulama.csproj", "{33623B64-C6A2-474A-A64D-F36616E9B613}"
EndProject
Project("{FAE04EC0-301F-11D3-BF4B-00C04F79EFBC}") = "a029KosulUygulama2", "a029KosulUygulama2\a029KosulUygulama2.csproj", "{0C206247-F561-4CD0-B8A4-63F2CBDC7179}"
EndProject
Project("{FAE04EC0-301F-11D3-BF4B-00C04F79EFBC}") = "a030Else", "a030Else\a030Else.csproj", "{DF56EE8C-74C4-463C-8B21-C8744FDF7CBB}"
EndProject
Project("{FAE04EC0-301F-11D3-BF4B-00C04F79EFBC}") = "a031GeceGunduz", "a031GeceGunduz\a031GeceGunduz.csproj", "{179253A2-785A-43AD-A70A-E6CA01BA9F9B}"
EndProject
Project("{FAE04EC0-301F-11D3-BF4B-00C04F79EFBC}") = "a032ElseIf", "a032ElseIf\a032ElseIf.csproj", "{DEF1F454-B135-4FBC-9A79-F62F48049A0B}"
EndProject
Project("{FAE04EC0-301F-11D3-BF4B-00C04F79EFBC}") = "a033ElektrikIf", "a033ElektrikIf\a033ElektrikIf.csproj", "{55F3D271-92A2-44F8-8352-B9349A9B291A}"
EndProject
Project("{FAE04EC0-301F-11D3-BF4B-00C04F79EFBC}") = "a034StringFormat", "a034StringFormat\a034StringFormat.csproj", "{6C3FC429-E724-47BF-90F2-99F6A0672FF1}"
EndProject
Project("{FAE04EC0-301F-11D3-BF4B-00C04F79EFBC}") = "a035HarfNotu", "a035HarfNotu\a035HarfNotu.csproj", "{12C6F547-383D-4B50-9D3F-D4DD922F7671}"
EndProject
Project("{FAE04EC0-301F-11D3-BF4B-00C04F79EFBC}") = "a036UcgenKosul", "a036UcgenKosul\a036UcgenKosul.csproj", "{4E0428ED-FB6F-4575-ADBB-3094AC48BA92}"
EndProject
Project("{FAE04EC0-301F-11D3-BF4B-00C04F79EFBC}") = "a037IdealKilo", "a037IdealKilo\a037IdealKilo.csproj", "{EE388912-2758-4CFF-9B49-80CAF446874D}"
EndProject
Project("{FAE04EC0-301F-11D3-BF4B-00C04F79EFBC}") = "a038BuyukSayi", "a038BuyukSayi\a038BuyukSayi.csproj", "{87FCA539-8325-4FEC-9AF7-50B32FD8C94A}"
EndProject
Project("{FAE04EC0-301F-11D3-BF4B-00C04F79EFBC}") = "a039VergiUygulama", "a039VergiUygulama\a039VergiUygulama.csproj", "{AD6AF922-455D-48E8-981A-612B2A19EF3C}"
EndProject
Project("{FAE04EC0-301F-11D3-BF4B-00C04F79EFBC}") = "a040MevsimlerIf", "a040MevsimlerIf\a040MevsimlerIf.csproj", "{36F3F6D9-8563-4177-960A-0188DC631504}"
EndProject
Project("{FAE04EC0-301F-11D3-BF4B-00C04F79EFBC}") = "a041MevsimlerSwitch", "a041MevsimlerSwitch\a041MevsimlerSwitch.csproj", "{BD276877-70F7-47C2-B357-BFEEBBAFD421}"
EndProject
Project("{FAE04EC0-301F-11D3-BF4B-00C04F79EFBC}") = "a042SwitchKurallar", "a042SwitchKurallar\a042SwitchKurallar.csproj", "{57B3044D-6D59-4129-83E9-99B3DE395657}"
EndProject
Project("{FAE04EC0-301F-11D3-BF4B-00C04F79EFBC}") = "a043SwitchKahve", "a043SwitchKahve\a043SwitchKahve.csproj", "{9C494D24-6955-4CCD-BD2A-BBC9853D83A0}"
EndProject
Project("{FAE04EC0-301F-11D3-BF4B-00C04F79EFBC}") = "a044SwitchHesapMakinesi", "a044SwitchHesapMakinesi\a044SwitchHesapMakinesi.csproj", "{595BA57A-3C40-492A-A775-8B6AD719724D}"
EndProject
Project("{2150E333-8FDC-42A3-9474-1A3956D46DE8}") = "Hafta03", "Hafta03", "{8CEBFC8A-511D-4FB9-9A03-05BC145199C3}"
EndProject
Project("{FAE04EC0-301F-11D3-BF4B-00C04F79EFBC}") = "a045Parsing", "a045Parsing\a045Parsing.csproj", "{C6A43038-B845-4049-A902-53EE4547F3C0}"
EndProject
Project("{FAE04EC0-301F-11D3-BF4B-00C04F79EFBC}") = "a046BasamakSayisi", "a046BasamakSayisi\a046BasamakSayisi.csproj", "{522EEC4F-49B6-424A-8B0A-DC4022FC0A97}"
EndProject
Project("{FAE04EC0-301F-11D3-BF4B-00C04F79EFBC}") = "a047Diskriminant", "a047Diskriminant\a047Diskriminant.csproj", "{2A764688-3885-4C6A-AD60-8E94E5EF2E15}"
EndProject
Project("{FAE04EC0-301F-11D3-BF4B-00C04F79EFBC}") = "a047IfUygulama", "a047IfUygulama\a047IfUygulama.csproj", "{ECE21E62-6686-42E9-9F5D-4C25D00AC407}"
EndProject
Project("{FAE04EC0-301F-11D3-BF4B-00C04F79EFBC}") = "a048Donguler", "a048Donguler\a048Donguler.csproj", "{C80D7156-68CD-4EDB-8B95-D10440CBBA35}"
EndProject
Project("{FAE04EC0-301F-11D3-BF4B-00C04F79EFBC}") = "a049DonguUygulama", "a049DonguUygulama\a049DonguUygulama.csproj", "{4947F79A-5D62-4777-9EEC-92AED0D468BF}"
EndProject
Project("{FAE04EC0-301F-11D3-BF4B-00C04F79EFBC}") = "a050DonguSayiUygulama", "a050DonguSayiUygulama\a050DonguSayiUygulama.csproj", "{3AC29B79-06F9-4EC7-A7DA-D1962FAE8A59}"
EndProject
Project("{FAE04EC0-301F-11D3-BF4B-00C04F79EFBC}") = "a051AsalUygulama", "a051AsalUygulama\a051AsalUygulama.csproj", "{02A4FF34-49AE-4D3C-A7CB-8B73C353EECC}"
EndProject
Project("{FAE04EC0-301F-11D3-BF4B-00C04F79EFBC}") = "a052NotlarDongu", "a052NotlarDongu\a052NotlarDongu.csproj", "{AE9B1687-EAFE-4544-AE4B-374C25573711}"
EndProject
Project("{FAE04EC0-301F-11D3-BF4B-00C04F79EFBC}") = "a053WhileDongusuFaktoryel", "a053WhileDongusuFaktoryel\a053WhileDongusuFaktoryel.csproj", "{AB431D42-0199-441C-9AFE-E5D36A261156}"
EndProject
Project("{FAE04EC0-301F-11D3-BF4B-00C04F79EFBC}") = "a054DonguUygulamasi", "a054DonguUygulamasi\a054DonguUygulamasi.csproj", "{93EA0341-09F3-4245-A188-E9678681D8FE}"
EndProject
Project("{FAE04EC0-301F-11D3-BF4B-00C04F79EFBC}") = "a055DoWhile", "a055DoWhile\a055DoWhile.csproj", "{58788279-1543-4690-BC70-C68A5874883A}"
EndProject
Project("{FAE04EC0-301F-11D3-BF4B-00C04F79EFBC}") = "a056DoWhileMenu", "a056DoWhileMenu\a056DoWhileMenu.csproj", "{C52ACA25-A78E-411D-9524-46982928593E}"
EndProject
Project("{FAE04EC0-301F-11D3-BF4B-00C04F79EFBC}") = "a057DonguAtlamaOrnek", "a057DonguAtlamaOrnek\a057DonguAtlamaOrnek.csproj", "{ADC98CA0-1D07-4EB5-A5B1-775225F06973}"
EndProject
Project("{FAE04EC0-301F-11D3-BF4B-00C04F79EFBC}") = "a058ForDongusu", "a058ForDongusu\a058ForDongusu.csproj", "{FA0FC8B3-182A-4F5A-889C-83B913072B15}"
EndProject
Project("{FAE04EC0-301F-11D3-BF4B-00C04F79EFBC}") = "a059UsluForOrnek", "a059UsluForOrnek\a059UsluForOrnek.csproj", "{3E62BB63-1812-4E4C-A235-B9AA43464EBC}"
EndProject
Project("{FAE04EC0-301F-11D3-BF4B-00C04F79EFBC}") = "a060ForOrnek", "a060ForOrnek\a060ForOrnek.csproj", "{AA697E7A-5B89-4DA4-9D15-0AE2C4A86ADB}"
EndProject
Project("{FAE04EC0-301F-11D3-BF4B-00C04F79EFBC}") = "a061ForDongusu", "a061ForDongusu\a061ForDongusu.csproj", "{D2962E5A-00E9-4922-B6F0-B0F1C55EDB4D}"
EndProject
Project("{FAE04EC0-301F-11D3-BF4B-00C04F79EFBC}") = "a062ForCarpim", "a062ForCarpim\a062ForCarpim.csproj", "{0B0D7CA8-587A-4852-9D73-E61751EC3D9C}"
EndProject
Project("{FAE04EC0-301F-11D3-BF4B-00C04F79EFBC}") = "a063ForNested1", "a063ForNested1\a063ForNested1.csproj", "{045BF277-9B66-437C-955A-BDC90F8231AE}"
EndProject
Project("{FAE04EC0-301F-11D3-BF4B-00C04F79EFBC}") = "a064NestedFor2", "a064NestedFor2\a064NestedFor2.csproj", "{CDA3A5FA-A237-486A-A559-7F3D9C1E2DAE}"
EndProject
Project("{FAE04EC0-301F-11D3-BF4B-00C04F79EFBC}") = "a065WhileNested", "a065WhileNested\a065WhileNested.csproj", "{06F1389A-9662-4C20-93EA-6B7CE523DC57}"
EndProject
Project("{FAE04EC0-301F-11D3-BF4B-00C04F79EFBC}") = "a066ForNested3", "a066ForNested3\a066ForNested3.csproj", "{6DC46A84-0ABB-4AA1-BE35-5D11970D5615}"
EndProject
Project("{FAE04EC0-301F-11D3-BF4B-00C04F79EFBC}") = "a067Diziler", "a067Diziler\a067Diziler.csproj", "{B70B476F-9ED0-4C62-BB05-8716BE16EEB2}"
EndProject
Project("{FAE04EC0-301F-11D3-BF4B-00C04F79EFBC}") = "a066DiziUygulama", "a066DiziUygulama\a066DiziUygulama.csproj", "{F3385A51-5168-4750-BA7C-1D67F6EFC4E3}"
EndProject
Project("{FAE04EC0-301F-11D3-BF4B-00C04F79EFBC}") = "a068DiziUygulama", "a068DiziUygulama\a068DiziUygulama.csproj", "{4D1B214F-74D1-4B44-9238-4BA98FB9B6E5}"
EndProject
Project("{FAE04EC0-301F-11D3-BF4B-00C04F79EFBC}") = "a069DiziRastgeleEleman", "a069DiziRastgeleEleman\a069DiziRastgeleEleman.csproj", "{888485DA-DA5F-4175-ABD2-F9F289A1AC75}"
EndProject
Project("{FAE04EC0-301F-11D3-BF4B-00C04F79EFBC}") = "a070DiziArama", "a070DiziArama\a070DiziArama.csproj", "{BDF7CE0E-653C-4267-A4C1-39D54BCEE09D}"
EndProject
Project("{FAE04EC0-301F-11D3-BF4B-00C04F79EFBC}") = "a071Contains", "a071Contains\a071Contains.csproj", "{5B998495-29A5-48F1-8272-244E282896A9}"
EndProject
Project("{FAE04EC0-301F-11D3-BF4B-00C04F79EFBC}") = "a072DiziTers", "a072DiziTers\a072DiziTers.csproj", "{1F9FE782-7C14-4188-883F-089B8EFC1D75}"
EndProject
Project("{FAE04EC0-301F-11D3-BF4B-00C04F79EFBC}") = "a073Diziters", "a073Diziters\a073Diziters.csproj", "{9BD541EB-CD81-4DB4-ACE0-F1F74EF4AEA4}"
EndProject
Project("{FAE04EC0-301F-11D3-BF4B-00C04F79EFBC}") = "a074DiziSiralama", "a074DiziSiralama\a074DiziSiralama.csproj", "{08D7FAEA-83C3-406E-9254-AC5443E908CB}"
EndProject
Project("{FAE04EC0-301F-11D3-BF4B-00C04F79EFBC}") = "a075DiziSiralama", "a075DiziSiralama\a075DiziSiralama.csproj", "{DA963374-3F65-485A-A63E-3F3BCA1DA32B}"
EndProject
Project("{FAE04EC0-301F-11D3-BF4B-00C04F79EFBC}") = "a076ZamanDongu", "a076ZamanDongu\a076ZamanDongu.csproj", "{4CA0DBAD-6A3E-4504-9C8F-11FBEFC27FAD}"
EndProject
Project("{2150E333-8FDC-42A3-9474-1A3956D46DE8}") = "Hafta04", "Hafta04", "{1E27686E-B79C-4743-BF82-330AA22F6056}"
EndProject
Project("{FAE04EC0-301F-11D3-BF4B-00C04F79EFBC}") = "a077DonguDiziSayiToplama", "a077DonguDiziSayiToplama\a077DonguDiziSayiToplama.csproj", "{C86F66AD-6E53-4BDF-95F2-1A7946011416}"
EndProject
Project("{FAE04EC0-301F-11D3-BF4B-00C04F79EFBC}") = "a078CiftSayiYuzdesi", "a078CiftSayiYuzdesi\a078CiftSayiYuzdesi.csproj", "{A4C2575C-9F28-49CB-985C-BB0E00B27983}"
EndProject
Project("{FAE04EC0-301F-11D3-BF4B-00C04F79EFBC}") = "a079UcgenFor", "a079UcgenFor\a079UcgenFor.csproj", "{78FF97EB-8075-454A-A043-4CE8A84DD86A}"
EndProject
Project("{FAE04EC0-301F-11D3-BF4B-00C04F79EFBC}") = "a080SonsuzDongu", "a080SonsuzDongu\a080SonsuzDongu.csproj", "{6AEC6F55-13F8-4A54-A8E5-687E6933778E}"
EndProject
Project("{FAE04EC0-301F-11D3-BF4B-00C04F79EFBC}") = "a081DiziSiralamaYazdirma", "a081DiziSiralamaYazdirma\a081DiziSiralamaYazdirma.csproj", "{40FB0DF5-0C1E-4B4A-9A35-56B3E4FD2464}"
EndProject
Project("{FAE04EC0-301F-11D3-BF4B-00C04F79EFBC}") = "a082VarDeyimi", "a082VarDeyimi\a082VarDeyimi.csproj", "{4FCB24D6-45E7-4AD0-B598-213135FB91CA}"
EndProject
Project("{FAE04EC0-301F-11D3-BF4B-00C04F79EFBC}") = "a084ForUygulama", "a084ForUygulama\a084ForUygulama.csproj", "{3B6F7605-1B14-40B1-BEFE-4C53105A592C}"
EndProject
Project("{FAE04EC0-301F-11D3-BF4B-00C04F79EFBC}") = "a085DonguUcgen", "a085DonguUcgen\a085DonguUcgen.csproj", "{CCA0D06E-57EA-4812-9E2B-2B25984CC4AC}"
EndProject
Project("{FAE04EC0-301F-11D3-BF4B-00C04F79EFBC}") = "a086MultiDimArrays", "a086MultiDimArrays\a086MultiDimArrays.csproj", "{4A0774F1-C38D-4AF8-A9C7-EA2F35C2FE65}"
EndProject
Project("{FAE04EC0-301F-11D3-BF4B-00C04F79EFBC}") = "a087Fonksiyonlar", "a087Fonksiyonlar\a087Fonksiyonlar.csproj", "{5C7B19D8-6F45-42AB-9426-6A1FBAC7ECE3}"
EndProject
Project("{FAE04EC0-301F-11D3-BF4B-00C04F79EFBC}") = "a088Fonksiyonlar2", "a088Fonksiyonlar2\a088Fonksiyonlar2.csproj", "{153FDDC1-B47A-4EED-85A3-92E987D9E025}"
EndProject
Project("{FAE04EC0-301F-11D3-BF4B-00C04F79EFBC}") = "a090Parametresiz", "a090Parametresiz\a090Parametresiz.csproj", "{76DF231B-FD46-48AD-B4A3-109FDD15E535}"
EndProject
Project("{FAE04EC0-301F-11D3-BF4B-00C04F79EFBC}") = "a102RefOrnek", "a102RefOrnek\a102RefOrnek.csproj", "{75DB856E-B857-4CF7-A502-901C7ACE48BC}"
EndProject
Project("{FAE04EC0-301F-11D3-BF4B-00C04F79EFBC}") = "a103RefUygulama", "a103RefUygulama\a103RefUygulama.csproj", "{2655B48E-1311-4DA5-B736-D4135BCEF83E}"
EndProject
Project("{FAE04EC0-301F-11D3-BF4B-00C04F79EFBC}") = "a104OutFonksiyon", "a104OutFonksiyon\a104OutFonksiyon.csproj", "{36F6654C-837D-4785-8E97-7CAFE98AE6F9}"
EndProject
Project("{FAE04EC0-301F-11D3-BF4B-00C04F79EFBC}") = "a105OutUygulama", "a105OutUygulama\a105OutUygulama.csproj", "{4588DFCA-661A-4D4D-A2D3-C1C4755D4F81}"
EndProject
Project("{FAE04EC0-301F-11D3-BF4B-00C04F79EFBC}") = "a106RefOutUygulama", "a106RefOutUygulama\a106RefOutUygulama.csproj", "{86E58615-7C00-4A06-8828-A8BA41400C8E}"
EndProject
Project("{FAE04EC0-301F-11D3-BF4B-00C04F79EFBC}") = "a107MethodOverloading", "a107MethodOverloading\a107MethodOverloading.csproj", "{4F649757-599C-4810-BD2C-9896129DF2C7}"
EndProject
Project("{FAE04EC0-301F-11D3-BF4B-00C04F79EFBC}") = "a108OverloadOrnek", "a108OverloadOrnek\a108OverloadOrnek.csproj", "{8966318E-9489-47EF-9291-512C2285EF97}"
EndProject
Project("{FAE04EC0-301F-11D3-BF4B-00C04F79EFBC}") = "a109Params", "a109Params\a109Params.csproj", "{487892F0-752D-4690-A343-BCA8240BF864}"
EndProject
Project("{FAE04EC0-301F-11D3-BF4B-00C04F79EFBC}") = "a110ParamsUygulama", "a110ParamsUygulama\a110ParamsUygulama.csproj", "{A055CD57-432B-4C78-A2B2-69A64207C271}"
EndProject
Project("{FAE04EC0-301F-11D3-BF4B-00C04F79EFBC}") = "a111ParamsOrnek", "a111ParamsOrnek\a111ParamsOrnek.csproj", "{B9EA2EBF-FA83-4BB9-9B63-D979A8B77AF6}"
EndProject
Project("{FAE04EC0-301F-11D3-BF4B-00C04F79EFBC}") = "a112Recursive", "a112Recursive\a112Recursive.csproj", "{C729692E-3107-4C9E-BFA9-80BCF22EF45B}"
EndProject
Project("{FAE04EC0-301F-11D3-BF4B-00C04F79EFBC}") = "a113Fibonacci", "a113Fibonacci\a113Fibonacci.csproj", "{FBFE554D-5CD5-4659-94C5-22BA778F91DD}"
EndProject
Project("{FAE04EC0-301F-11D3-BF4B-00C04F79EFBC}") = "a114Enum", "a114Enum\a114Enum.csproj", "{9BD523B6-274F-49D3-96DB-EB5475F77DEA}"
EndProject
Project("{FAE04EC0-301F-11D3-BF4B-00C04F79EFBC}") = "a115EnumOrnek", "a115EnumOrnek\a115EnumOrnek.csproj", "{C35D1E08-6FC1-4C15-A93D-BE1B0ABE6C99}"
EndProject
Global
	GlobalSection(SolutionConfigurationPlatforms) = preSolution
		Debug|Any CPU = Debug|Any CPU
		Release|Any CPU = Release|Any CPU
	EndGlobalSection
	GlobalSection(ProjectConfigurationPlatforms) = postSolution
		{8F011423-7CE1-49C2-A482-68A46F73DFCE}.Debug|Any CPU.ActiveCfg = Debug|Any CPU
		{8F011423-7CE1-49C2-A482-68A46F73DFCE}.Debug|Any CPU.Build.0 = Debug|Any CPU
		{8F011423-7CE1-49C2-A482-68A46F73DFCE}.Release|Any CPU.ActiveCfg = Release|Any CPU
		{8F011423-7CE1-49C2-A482-68A46F73DFCE}.Release|Any CPU.Build.0 = Release|Any CPU
		{81E23217-D04B-45C4-94AE-9D2B7391C4E2}.Debug|Any CPU.ActiveCfg = Debug|Any CPU
		{81E23217-D04B-45C4-94AE-9D2B7391C4E2}.Debug|Any CPU.Build.0 = Debug|Any CPU
		{81E23217-D04B-45C4-94AE-9D2B7391C4E2}.Release|Any CPU.ActiveCfg = Release|Any CPU
		{81E23217-D04B-45C4-94AE-9D2B7391C4E2}.Release|Any CPU.Build.0 = Release|Any CPU
		{9BA8CACD-EEC3-4EAB-A520-7D5BAFFD76D6}.Debug|Any CPU.ActiveCfg = Debug|Any CPU
		{9BA8CACD-EEC3-4EAB-A520-7D5BAFFD76D6}.Debug|Any CPU.Build.0 = Debug|Any CPU
		{9BA8CACD-EEC3-4EAB-A520-7D5BAFFD76D6}.Release|Any CPU.ActiveCfg = Release|Any CPU
		{9BA8CACD-EEC3-4EAB-A520-7D5BAFFD76D6}.Release|Any CPU.Build.0 = Release|Any CPU
		{9A3EFFEB-61B6-4139-B139-785DCDE4328D}.Debug|Any CPU.ActiveCfg = Debug|Any CPU
		{9A3EFFEB-61B6-4139-B139-785DCDE4328D}.Debug|Any CPU.Build.0 = Debug|Any CPU
		{9A3EFFEB-61B6-4139-B139-785DCDE4328D}.Release|Any CPU.ActiveCfg = Release|Any CPU
		{9A3EFFEB-61B6-4139-B139-785DCDE4328D}.Release|Any CPU.Build.0 = Release|Any CPU
		{C7BD8BAD-2F54-41F3-A1DE-93800EB617CC}.Debug|Any CPU.ActiveCfg = Debug|Any CPU
		{C7BD8BAD-2F54-41F3-A1DE-93800EB617CC}.Debug|Any CPU.Build.0 = Debug|Any CPU
		{C7BD8BAD-2F54-41F3-A1DE-93800EB617CC}.Release|Any CPU.ActiveCfg = Release|Any CPU
		{C7BD8BAD-2F54-41F3-A1DE-93800EB617CC}.Release|Any CPU.Build.0 = Release|Any CPU
		{228936F9-A4D8-47DC-96C8-0316FFC3793B}.Debug|Any CPU.ActiveCfg = Debug|Any CPU
		{228936F9-A4D8-47DC-96C8-0316FFC3793B}.Debug|Any CPU.Build.0 = Debug|Any CPU
		{228936F9-A4D8-47DC-96C8-0316FFC3793B}.Release|Any CPU.ActiveCfg = Release|Any CPU
		{228936F9-A4D8-47DC-96C8-0316FFC3793B}.Release|Any CPU.Build.0 = Release|Any CPU
		{5DEA1F19-9110-4D89-8078-2BA39796BA3D}.Debug|Any CPU.ActiveCfg = Debug|Any CPU
		{5DEA1F19-9110-4D89-8078-2BA39796BA3D}.Debug|Any CPU.Build.0 = Debug|Any CPU
		{5DEA1F19-9110-4D89-8078-2BA39796BA3D}.Release|Any CPU.ActiveCfg = Release|Any CPU
		{5DEA1F19-9110-4D89-8078-2BA39796BA3D}.Release|Any CPU.Build.0 = Release|Any CPU
		{45848893-BCCB-4F5F-B395-F41C57960ACD}.Debug|Any CPU.ActiveCfg = Debug|Any CPU
		{45848893-BCCB-4F5F-B395-F41C57960ACD}.Debug|Any CPU.Build.0 = Debug|Any CPU
		{45848893-BCCB-4F5F-B395-F41C57960ACD}.Release|Any CPU.ActiveCfg = Release|Any CPU
		{45848893-BCCB-4F5F-B395-F41C57960ACD}.Release|Any CPU.Build.0 = Release|Any CPU
		{698893C4-1487-4939-AB86-59DC36BA430C}.Debug|Any CPU.ActiveCfg = Debug|Any CPU
		{698893C4-1487-4939-AB86-59DC36BA430C}.Debug|Any CPU.Build.0 = Debug|Any CPU
		{698893C4-1487-4939-AB86-59DC36BA430C}.Release|Any CPU.ActiveCfg = Release|Any CPU
		{698893C4-1487-4939-AB86-59DC36BA430C}.Release|Any CPU.Build.0 = Release|Any CPU
		{1BB565E5-631B-4529-A36C-3D4D08FEFFEC}.Debug|Any CPU.ActiveCfg = Debug|Any CPU
		{1BB565E5-631B-4529-A36C-3D4D08FEFFEC}.Debug|Any CPU.Build.0 = Debug|Any CPU
		{1BB565E5-631B-4529-A36C-3D4D08FEFFEC}.Release|Any CPU.ActiveCfg = Release|Any CPU
		{1BB565E5-631B-4529-A36C-3D4D08FEFFEC}.Release|Any CPU.Build.0 = Release|Any CPU
		{809028A4-84D7-4538-9810-9B26CDA24CC5}.Debug|Any CPU.ActiveCfg = Debug|Any CPU
		{809028A4-84D7-4538-9810-9B26CDA24CC5}.Debug|Any CPU.Build.0 = Debug|Any CPU
		{809028A4-84D7-4538-9810-9B26CDA24CC5}.Release|Any CPU.ActiveCfg = Release|Any CPU
		{809028A4-84D7-4538-9810-9B26CDA24CC5}.Release|Any CPU.Build.0 = Release|Any CPU
		{3798F9C5-2D49-4F92-B122-372D00D31EC3}.Debug|Any CPU.ActiveCfg = Debug|Any CPU
		{3798F9C5-2D49-4F92-B122-372D00D31EC3}.Debug|Any CPU.Build.0 = Debug|Any CPU
		{3798F9C5-2D49-4F92-B122-372D00D31EC3}.Release|Any CPU.ActiveCfg = Release|Any CPU
		{3798F9C5-2D49-4F92-B122-372D00D31EC3}.Release|Any CPU.Build.0 = Release|Any CPU
		{68121D3E-B97D-48DE-9C1B-0D278B561A67}.Debug|Any CPU.ActiveCfg = Debug|Any CPU
		{68121D3E-B97D-48DE-9C1B-0D278B561A67}.Debug|Any CPU.Build.0 = Debug|Any CPU
		{68121D3E-B97D-48DE-9C1B-0D278B561A67}.Release|Any CPU.ActiveCfg = Release|Any CPU
		{68121D3E-B97D-48DE-9C1B-0D278B561A67}.Release|Any CPU.Build.0 = Release|Any CPU
		{8C267CC7-74FD-445B-88D8-6FBCF2F804EB}.Debug|Any CPU.ActiveCfg = Debug|Any CPU
		{8C267CC7-74FD-445B-88D8-6FBCF2F804EB}.Debug|Any CPU.Build.0 = Debug|Any CPU
		{8C267CC7-74FD-445B-88D8-6FBCF2F804EB}.Release|Any CPU.ActiveCfg = Release|Any CPU
		{8C267CC7-74FD-445B-88D8-6FBCF2F804EB}.Release|Any CPU.Build.0 = Release|Any CPU
		{53CCA27C-29DE-427A-9C1B-0B4D0EDDCEC1}.Debug|Any CPU.ActiveCfg = Debug|Any CPU
		{53CCA27C-29DE-427A-9C1B-0B4D0EDDCEC1}.Debug|Any CPU.Build.0 = Debug|Any CPU
		{53CCA27C-29DE-427A-9C1B-0B4D0EDDCEC1}.Release|Any CPU.ActiveCfg = Release|Any CPU
		{53CCA27C-29DE-427A-9C1B-0B4D0EDDCEC1}.Release|Any CPU.Build.0 = Release|Any CPU
		{298FEB3A-F2C1-4024-9E2D-8D936D618619}.Debug|Any CPU.ActiveCfg = Debug|Any CPU
		{298FEB3A-F2C1-4024-9E2D-8D936D618619}.Debug|Any CPU.Build.0 = Debug|Any CPU
		{298FEB3A-F2C1-4024-9E2D-8D936D618619}.Release|Any CPU.ActiveCfg = Release|Any CPU
		{298FEB3A-F2C1-4024-9E2D-8D936D618619}.Release|Any CPU.Build.0 = Release|Any CPU
		{BE5F2152-469E-438C-B99E-4F493BB81867}.Debug|Any CPU.ActiveCfg = Debug|Any CPU
		{BE5F2152-469E-438C-B99E-4F493BB81867}.Debug|Any CPU.Build.0 = Debug|Any CPU
		{BE5F2152-469E-438C-B99E-4F493BB81867}.Release|Any CPU.ActiveCfg = Release|Any CPU
		{BE5F2152-469E-438C-B99E-4F493BB81867}.Release|Any CPU.Build.0 = Release|Any CPU
		{C5432465-396F-43B2-A3B4-B8F9BD452DCD}.Debug|Any CPU.ActiveCfg = Debug|Any CPU
		{C5432465-396F-43B2-A3B4-B8F9BD452DCD}.Debug|Any CPU.Build.0 = Debug|Any CPU
		{C5432465-396F-43B2-A3B4-B8F9BD452DCD}.Release|Any CPU.ActiveCfg = Release|Any CPU
		{C5432465-396F-43B2-A3B4-B8F9BD452DCD}.Release|Any CPU.Build.0 = Release|Any CPU
		{4EBBF5F7-E581-47DC-91AE-00D912A3EB3F}.Debug|Any CPU.ActiveCfg = Debug|Any CPU
		{4EBBF5F7-E581-47DC-91AE-00D912A3EB3F}.Debug|Any CPU.Build.0 = Debug|Any CPU
		{4EBBF5F7-E581-47DC-91AE-00D912A3EB3F}.Release|Any CPU.ActiveCfg = Release|Any CPU
		{4EBBF5F7-E581-47DC-91AE-00D912A3EB3F}.Release|Any CPU.Build.0 = Release|Any CPU
		{CD00F84A-C58C-4AC7-B3DA-E16346ED49D5}.Debug|Any CPU.ActiveCfg = Debug|Any CPU
		{CD00F84A-C58C-4AC7-B3DA-E16346ED49D5}.Debug|Any CPU.Build.0 = Debug|Any CPU
		{CD00F84A-C58C-4AC7-B3DA-E16346ED49D5}.Release|Any CPU.ActiveCfg = Release|Any CPU
		{CD00F84A-C58C-4AC7-B3DA-E16346ED49D5}.Release|Any CPU.Build.0 = Release|Any CPU
		{646D94AA-2654-4321-8890-61EA250835C1}.Debug|Any CPU.ActiveCfg = Debug|Any CPU
		{646D94AA-2654-4321-8890-61EA250835C1}.Debug|Any CPU.Build.0 = Debug|Any CPU
		{646D94AA-2654-4321-8890-61EA250835C1}.Release|Any CPU.ActiveCfg = Release|Any CPU
		{646D94AA-2654-4321-8890-61EA250835C1}.Release|Any CPU.Build.0 = Release|Any CPU
		{E9B02C29-3A22-42DE-A6FF-059826F0F2E7}.Debug|Any CPU.ActiveCfg = Debug|Any CPU
		{E9B02C29-3A22-42DE-A6FF-059826F0F2E7}.Debug|Any CPU.Build.0 = Debug|Any CPU
		{E9B02C29-3A22-42DE-A6FF-059826F0F2E7}.Release|Any CPU.ActiveCfg = Release|Any CPU
		{E9B02C29-3A22-42DE-A6FF-059826F0F2E7}.Release|Any CPU.Build.0 = Release|Any CPU
		{998C92ED-2517-4952-87E3-0C881E39CEB7}.Debug|Any CPU.ActiveCfg = Debug|Any CPU
		{998C92ED-2517-4952-87E3-0C881E39CEB7}.Debug|Any CPU.Build.0 = Debug|Any CPU
		{998C92ED-2517-4952-87E3-0C881E39CEB7}.Release|Any CPU.ActiveCfg = Release|Any CPU
		{998C92ED-2517-4952-87E3-0C881E39CEB7}.Release|Any CPU.Build.0 = Release|Any CPU
		{1C5EE993-786A-4766-85E1-7D68E79B7215}.Debug|Any CPU.ActiveCfg = Debug|Any CPU
		{1C5EE993-786A-4766-85E1-7D68E79B7215}.Debug|Any CPU.Build.0 = Debug|Any CPU
		{1C5EE993-786A-4766-85E1-7D68E79B7215}.Release|Any CPU.ActiveCfg = Release|Any CPU
		{1C5EE993-786A-4766-85E1-7D68E79B7215}.Release|Any CPU.Build.0 = Release|Any CPU
		{763C6FB0-6106-4993-9202-E972257278B6}.Debug|Any CPU.ActiveCfg = Debug|Any CPU
		{763C6FB0-6106-4993-9202-E972257278B6}.Debug|Any CPU.Build.0 = Debug|Any CPU
		{763C6FB0-6106-4993-9202-E972257278B6}.Release|Any CPU.ActiveCfg = Release|Any CPU
		{763C6FB0-6106-4993-9202-E972257278B6}.Release|Any CPU.Build.0 = Release|Any CPU
		{5322D9F1-EA14-43D2-9C1F-987F72CF07FE}.Debug|Any CPU.ActiveCfg = Debug|Any CPU
		{5322D9F1-EA14-43D2-9C1F-987F72CF07FE}.Debug|Any CPU.Build.0 = Debug|Any CPU
		{5322D9F1-EA14-43D2-9C1F-987F72CF07FE}.Release|Any CPU.ActiveCfg = Release|Any CPU
		{5322D9F1-EA14-43D2-9C1F-987F72CF07FE}.Release|Any CPU.Build.0 = Release|Any CPU
		{899D1065-7FEA-445E-8F63-0D344BAFF14C}.Debug|Any CPU.ActiveCfg = Debug|Any CPU
		{899D1065-7FEA-445E-8F63-0D344BAFF14C}.Debug|Any CPU.Build.0 = Debug|Any CPU
		{899D1065-7FEA-445E-8F63-0D344BAFF14C}.Release|Any CPU.ActiveCfg = Release|Any CPU
		{899D1065-7FEA-445E-8F63-0D344BAFF14C}.Release|Any CPU.Build.0 = Release|Any CPU
		{05A6D3FA-E8D1-4209-9B6B-A6BC08DC4E4B}.Debug|Any CPU.ActiveCfg = Debug|Any CPU
		{05A6D3FA-E8D1-4209-9B6B-A6BC08DC4E4B}.Debug|Any CPU.Build.0 = Debug|Any CPU
		{05A6D3FA-E8D1-4209-9B6B-A6BC08DC4E4B}.Release|Any CPU.ActiveCfg = Release|Any CPU
		{05A6D3FA-E8D1-4209-9B6B-A6BC08DC4E4B}.Release|Any CPU.Build.0 = Release|Any CPU
		{33623B64-C6A2-474A-A64D-F36616E9B613}.Debug|Any CPU.ActiveCfg = Debug|Any CPU
		{33623B64-C6A2-474A-A64D-F36616E9B613}.Debug|Any CPU.Build.0 = Debug|Any CPU
		{33623B64-C6A2-474A-A64D-F36616E9B613}.Release|Any CPU.ActiveCfg = Release|Any CPU
		{33623B64-C6A2-474A-A64D-F36616E9B613}.Release|Any CPU.Build.0 = Release|Any CPU
		{0C206247-F561-4CD0-B8A4-63F2CBDC7179}.Debug|Any CPU.ActiveCfg = Debug|Any CPU
		{0C206247-F561-4CD0-B8A4-63F2CBDC7179}.Debug|Any CPU.Build.0 = Debug|Any CPU
		{0C206247-F561-4CD0-B8A4-63F2CBDC7179}.Release|Any CPU.ActiveCfg = Release|Any CPU
		{0C206247-F561-4CD0-B8A4-63F2CBDC7179}.Release|Any CPU.Build.0 = Release|Any CPU
		{DF56EE8C-74C4-463C-8B21-C8744FDF7CBB}.Debug|Any CPU.ActiveCfg = Debug|Any CPU
		{DF56EE8C-74C4-463C-8B21-C8744FDF7CBB}.Debug|Any CPU.Build.0 = Debug|Any CPU
		{DF56EE8C-74C4-463C-8B21-C8744FDF7CBB}.Release|Any CPU.ActiveCfg = Release|Any CPU
		{DF56EE8C-74C4-463C-8B21-C8744FDF7CBB}.Release|Any CPU.Build.0 = Release|Any CPU
		{179253A2-785A-43AD-A70A-E6CA01BA9F9B}.Debug|Any CPU.ActiveCfg = Debug|Any CPU
		{179253A2-785A-43AD-A70A-E6CA01BA9F9B}.Debug|Any CPU.Build.0 = Debug|Any CPU
		{179253A2-785A-43AD-A70A-E6CA01BA9F9B}.Release|Any CPU.ActiveCfg = Release|Any CPU
		{179253A2-785A-43AD-A70A-E6CA01BA9F9B}.Release|Any CPU.Build.0 = Release|Any CPU
		{DEF1F454-B135-4FBC-9A79-F62F48049A0B}.Debug|Any CPU.ActiveCfg = Debug|Any CPU
		{DEF1F454-B135-4FBC-9A79-F62F48049A0B}.Debug|Any CPU.Build.0 = Debug|Any CPU
		{DEF1F454-B135-4FBC-9A79-F62F48049A0B}.Release|Any CPU.ActiveCfg = Release|Any CPU
		{DEF1F454-B135-4FBC-9A79-F62F48049A0B}.Release|Any CPU.Build.0 = Release|Any CPU
		{55F3D271-92A2-44F8-8352-B9349A9B291A}.Debug|Any CPU.ActiveCfg = Debug|Any CPU
		{55F3D271-92A2-44F8-8352-B9349A9B291A}.Debug|Any CPU.Build.0 = Debug|Any CPU
		{55F3D271-92A2-44F8-8352-B9349A9B291A}.Release|Any CPU.ActiveCfg = Release|Any CPU
		{55F3D271-92A2-44F8-8352-B9349A9B291A}.Release|Any CPU.Build.0 = Release|Any CPU
		{6C3FC429-E724-47BF-90F2-99F6A0672FF1}.Debug|Any CPU.ActiveCfg = Debug|Any CPU
		{6C3FC429-E724-47BF-90F2-99F6A0672FF1}.Debug|Any CPU.Build.0 = Debug|Any CPU
		{6C3FC429-E724-47BF-90F2-99F6A0672FF1}.Release|Any CPU.ActiveCfg = Release|Any CPU
		{6C3FC429-E724-47BF-90F2-99F6A0672FF1}.Release|Any CPU.Build.0 = Release|Any CPU
		{12C6F547-383D-4B50-9D3F-D4DD922F7671}.Debug|Any CPU.ActiveCfg = Debug|Any CPU
		{12C6F547-383D-4B50-9D3F-D4DD922F7671}.Debug|Any CPU.Build.0 = Debug|Any CPU
		{12C6F547-383D-4B50-9D3F-D4DD922F7671}.Release|Any CPU.ActiveCfg = Release|Any CPU
		{12C6F547-383D-4B50-9D3F-D4DD922F7671}.Release|Any CPU.Build.0 = Release|Any CPU
		{4E0428ED-FB6F-4575-ADBB-3094AC48BA92}.Debug|Any CPU.ActiveCfg = Debug|Any CPU
		{4E0428ED-FB6F-4575-ADBB-3094AC48BA92}.Debug|Any CPU.Build.0 = Debug|Any CPU
		{4E0428ED-FB6F-4575-ADBB-3094AC48BA92}.Release|Any CPU.ActiveCfg = Release|Any CPU
		{4E0428ED-FB6F-4575-ADBB-3094AC48BA92}.Release|Any CPU.Build.0 = Release|Any CPU
		{EE388912-2758-4CFF-9B49-80CAF446874D}.Debug|Any CPU.ActiveCfg = Debug|Any CPU
		{EE388912-2758-4CFF-9B49-80CAF446874D}.Debug|Any CPU.Build.0 = Debug|Any CPU
		{EE388912-2758-4CFF-9B49-80CAF446874D}.Release|Any CPU.ActiveCfg = Release|Any CPU
		{EE388912-2758-4CFF-9B49-80CAF446874D}.Release|Any CPU.Build.0 = Release|Any CPU
		{87FCA539-8325-4FEC-9AF7-50B32FD8C94A}.Debug|Any CPU.ActiveCfg = Debug|Any CPU
		{87FCA539-8325-4FEC-9AF7-50B32FD8C94A}.Debug|Any CPU.Build.0 = Debug|Any CPU
		{87FCA539-8325-4FEC-9AF7-50B32FD8C94A}.Release|Any CPU.ActiveCfg = Release|Any CPU
		{87FCA539-8325-4FEC-9AF7-50B32FD8C94A}.Release|Any CPU.Build.0 = Release|Any CPU
		{AD6AF922-455D-48E8-981A-612B2A19EF3C}.Debug|Any CPU.ActiveCfg = Debug|Any CPU
		{AD6AF922-455D-48E8-981A-612B2A19EF3C}.Debug|Any CPU.Build.0 = Debug|Any CPU
		{AD6AF922-455D-48E8-981A-612B2A19EF3C}.Release|Any CPU.ActiveCfg = Release|Any CPU
		{AD6AF922-455D-48E8-981A-612B2A19EF3C}.Release|Any CPU.Build.0 = Release|Any CPU
		{36F3F6D9-8563-4177-960A-0188DC631504}.Debug|Any CPU.ActiveCfg = Debug|Any CPU
		{36F3F6D9-8563-4177-960A-0188DC631504}.Debug|Any CPU.Build.0 = Debug|Any CPU
		{36F3F6D9-8563-4177-960A-0188DC631504}.Release|Any CPU.ActiveCfg = Release|Any CPU
		{36F3F6D9-8563-4177-960A-0188DC631504}.Release|Any CPU.Build.0 = Release|Any CPU
		{BD276877-70F7-47C2-B357-BFEEBBAFD421}.Debug|Any CPU.ActiveCfg = Debug|Any CPU
		{BD276877-70F7-47C2-B357-BFEEBBAFD421}.Debug|Any CPU.Build.0 = Debug|Any CPU
		{BD276877-70F7-47C2-B357-BFEEBBAFD421}.Release|Any CPU.ActiveCfg = Release|Any CPU
		{BD276877-70F7-47C2-B357-BFEEBBAFD421}.Release|Any CPU.Build.0 = Release|Any CPU
		{57B3044D-6D59-4129-83E9-99B3DE395657}.Debug|Any CPU.ActiveCfg = Debug|Any CPU
		{57B3044D-6D59-4129-83E9-99B3DE395657}.Debug|Any CPU.Build.0 = Debug|Any CPU
		{57B3044D-6D59-4129-83E9-99B3DE395657}.Release|Any CPU.ActiveCfg = Release|Any CPU
		{57B3044D-6D59-4129-83E9-99B3DE395657}.Release|Any CPU.Build.0 = Release|Any CPU
		{9C494D24-6955-4CCD-BD2A-BBC9853D83A0}.Debug|Any CPU.ActiveCfg = Debug|Any CPU
		{9C494D24-6955-4CCD-BD2A-BBC9853D83A0}.Debug|Any CPU.Build.0 = Debug|Any CPU
		{9C494D24-6955-4CCD-BD2A-BBC9853D83A0}.Release|Any CPU.ActiveCfg = Release|Any CPU
		{9C494D24-6955-4CCD-BD2A-BBC9853D83A0}.Release|Any CPU.Build.0 = Release|Any CPU
		{595BA57A-3C40-492A-A775-8B6AD719724D}.Debug|Any CPU.ActiveCfg = Debug|Any CPU
		{595BA57A-3C40-492A-A775-8B6AD719724D}.Debug|Any CPU.Build.0 = Debug|Any CPU
		{595BA57A-3C40-492A-A775-8B6AD719724D}.Release|Any CPU.ActiveCfg = Release|Any CPU
		{595BA57A-3C40-492A-A775-8B6AD719724D}.Release|Any CPU.Build.0 = Release|Any CPU
		{C6A43038-B845-4049-A902-53EE4547F3C0}.Debug|Any CPU.ActiveCfg = Debug|Any CPU
		{C6A43038-B845-4049-A902-53EE4547F3C0}.Debug|Any CPU.Build.0 = Debug|Any CPU
		{C6A43038-B845-4049-A902-53EE4547F3C0}.Release|Any CPU.ActiveCfg = Release|Any CPU
		{C6A43038-B845-4049-A902-53EE4547F3C0}.Release|Any CPU.Build.0 = Release|Any CPU
		{522EEC4F-49B6-424A-8B0A-DC4022FC0A97}.Debug|Any CPU.ActiveCfg = Debug|Any CPU
		{522EEC4F-49B6-424A-8B0A-DC4022FC0A97}.Debug|Any CPU.Build.0 = Debug|Any CPU
		{522EEC4F-49B6-424A-8B0A-DC4022FC0A97}.Release|Any CPU.ActiveCfg = Release|Any CPU
		{522EEC4F-49B6-424A-8B0A-DC4022FC0A97}.Release|Any CPU.Build.0 = Release|Any CPU
		{2A764688-3885-4C6A-AD60-8E94E5EF2E15}.Debug|Any CPU.ActiveCfg = Debug|Any CPU
		{2A764688-3885-4C6A-AD60-8E94E5EF2E15}.Debug|Any CPU.Build.0 = Debug|Any CPU
		{2A764688-3885-4C6A-AD60-8E94E5EF2E15}.Release|Any CPU.ActiveCfg = Release|Any CPU
		{2A764688-3885-4C6A-AD60-8E94E5EF2E15}.Release|Any CPU.Build.0 = Release|Any CPU
		{ECE21E62-6686-42E9-9F5D-4C25D00AC407}.Debug|Any CPU.ActiveCfg = Debug|Any CPU
		{ECE21E62-6686-42E9-9F5D-4C25D00AC407}.Debug|Any CPU.Build.0 = Debug|Any CPU
		{ECE21E62-6686-42E9-9F5D-4C25D00AC407}.Release|Any CPU.ActiveCfg = Release|Any CPU
		{ECE21E62-6686-42E9-9F5D-4C25D00AC407}.Release|Any CPU.Build.0 = Release|Any CPU
		{C80D7156-68CD-4EDB-8B95-D10440CBBA35}.Debug|Any CPU.ActiveCfg = Debug|Any CPU
		{C80D7156-68CD-4EDB-8B95-D10440CBBA35}.Debug|Any CPU.Build.0 = Debug|Any CPU
		{C80D7156-68CD-4EDB-8B95-D10440CBBA35}.Release|Any CPU.ActiveCfg = Release|Any CPU
		{C80D7156-68CD-4EDB-8B95-D10440CBBA35}.Release|Any CPU.Build.0 = Release|Any CPU
		{4947F79A-5D62-4777-9EEC-92AED0D468BF}.Debug|Any CPU.ActiveCfg = Debug|Any CPU
		{4947F79A-5D62-4777-9EEC-92AED0D468BF}.Debug|Any CPU.Build.0 = Debug|Any CPU
		{4947F79A-5D62-4777-9EEC-92AED0D468BF}.Release|Any CPU.ActiveCfg = Release|Any CPU
		{4947F79A-5D62-4777-9EEC-92AED0D468BF}.Release|Any CPU.Build.0 = Release|Any CPU
		{3AC29B79-06F9-4EC7-A7DA-D1962FAE8A59}.Debug|Any CPU.ActiveCfg = Debug|Any CPU
		{3AC29B79-06F9-4EC7-A7DA-D1962FAE8A59}.Debug|Any CPU.Build.0 = Debug|Any CPU
		{3AC29B79-06F9-4EC7-A7DA-D1962FAE8A59}.Release|Any CPU.ActiveCfg = Release|Any CPU
		{3AC29B79-06F9-4EC7-A7DA-D1962FAE8A59}.Release|Any CPU.Build.0 = Release|Any CPU
		{02A4FF34-49AE-4D3C-A7CB-8B73C353EECC}.Debug|Any CPU.ActiveCfg = Debug|Any CPU
		{02A4FF34-49AE-4D3C-A7CB-8B73C353EECC}.Debug|Any CPU.Build.0 = Debug|Any CPU
		{02A4FF34-49AE-4D3C-A7CB-8B73C353EECC}.Release|Any CPU.ActiveCfg = Release|Any CPU
		{02A4FF34-49AE-4D3C-A7CB-8B73C353EECC}.Release|Any CPU.Build.0 = Release|Any CPU
		{AE9B1687-EAFE-4544-AE4B-374C25573711}.Debug|Any CPU.ActiveCfg = Debug|Any CPU
		{AE9B1687-EAFE-4544-AE4B-374C25573711}.Debug|Any CPU.Build.0 = Debug|Any CPU
		{AE9B1687-EAFE-4544-AE4B-374C25573711}.Release|Any CPU.ActiveCfg = Release|Any CPU
		{AE9B1687-EAFE-4544-AE4B-374C25573711}.Release|Any CPU.Build.0 = Release|Any CPU
		{AB431D42-0199-441C-9AFE-E5D36A261156}.Debug|Any CPU.ActiveCfg = Debug|Any CPU
		{AB431D42-0199-441C-9AFE-E5D36A261156}.Debug|Any CPU.Build.0 = Debug|Any CPU
		{AB431D42-0199-441C-9AFE-E5D36A261156}.Release|Any CPU.ActiveCfg = Release|Any CPU
		{AB431D42-0199-441C-9AFE-E5D36A261156}.Release|Any CPU.Build.0 = Release|Any CPU
		{93EA0341-09F3-4245-A188-E9678681D8FE}.Debug|Any CPU.ActiveCfg = Debug|Any CPU
		{93EA0341-09F3-4245-A188-E9678681D8FE}.Debug|Any CPU.Build.0 = Debug|Any CPU
		{93EA0341-09F3-4245-A188-E9678681D8FE}.Release|Any CPU.ActiveCfg = Release|Any CPU
		{93EA0341-09F3-4245-A188-E9678681D8FE}.Release|Any CPU.Build.0 = Release|Any CPU
		{58788279-1543-4690-BC70-C68A5874883A}.Debug|Any CPU.ActiveCfg = Debug|Any CPU
		{58788279-1543-4690-BC70-C68A5874883A}.Debug|Any CPU.Build.0 = Debug|Any CPU
		{58788279-1543-4690-BC70-C68A5874883A}.Release|Any CPU.ActiveCfg = Release|Any CPU
		{58788279-1543-4690-BC70-C68A5874883A}.Release|Any CPU.Build.0 = Release|Any CPU
		{C52ACA25-A78E-411D-9524-46982928593E}.Debug|Any CPU.ActiveCfg = Debug|Any CPU
		{C52ACA25-A78E-411D-9524-46982928593E}.Debug|Any CPU.Build.0 = Debug|Any CPU
		{C52ACA25-A78E-411D-9524-46982928593E}.Release|Any CPU.ActiveCfg = Release|Any CPU
		{C52ACA25-A78E-411D-9524-46982928593E}.Release|Any CPU.Build.0 = Release|Any CPU
		{ADC98CA0-1D07-4EB5-A5B1-775225F06973}.Debug|Any CPU.ActiveCfg = Debug|Any CPU
		{ADC98CA0-1D07-4EB5-A5B1-775225F06973}.Debug|Any CPU.Build.0 = Debug|Any CPU
		{ADC98CA0-1D07-4EB5-A5B1-775225F06973}.Release|Any CPU.ActiveCfg = Release|Any CPU
		{ADC98CA0-1D07-4EB5-A5B1-775225F06973}.Release|Any CPU.Build.0 = Release|Any CPU
		{FA0FC8B3-182A-4F5A-889C-83B913072B15}.Debug|Any CPU.ActiveCfg = Debug|Any CPU
		{FA0FC8B3-182A-4F5A-889C-83B913072B15}.Debug|Any CPU.Build.0 = Debug|Any CPU
		{FA0FC8B3-182A-4F5A-889C-83B913072B15}.Release|Any CPU.ActiveCfg = Release|Any CPU
		{FA0FC8B3-182A-4F5A-889C-83B913072B15}.Release|Any CPU.Build.0 = Release|Any CPU
		{3E62BB63-1812-4E4C-A235-B9AA43464EBC}.Debug|Any CPU.ActiveCfg = Debug|Any CPU
		{3E62BB63-1812-4E4C-A235-B9AA43464EBC}.Debug|Any CPU.Build.0 = Debug|Any CPU
		{3E62BB63-1812-4E4C-A235-B9AA43464EBC}.Release|Any CPU.ActiveCfg = Release|Any CPU
		{3E62BB63-1812-4E4C-A235-B9AA43464EBC}.Release|Any CPU.Build.0 = Release|Any CPU
		{AA697E7A-5B89-4DA4-9D15-0AE2C4A86ADB}.Debug|Any CPU.ActiveCfg = Debug|Any CPU
		{AA697E7A-5B89-4DA4-9D15-0AE2C4A86ADB}.Debug|Any CPU.Build.0 = Debug|Any CPU
		{AA697E7A-5B89-4DA4-9D15-0AE2C4A86ADB}.Release|Any CPU.ActiveCfg = Release|Any CPU
		{AA697E7A-5B89-4DA4-9D15-0AE2C4A86ADB}.Release|Any CPU.Build.0 = Release|Any CPU
		{D2962E5A-00E9-4922-B6F0-B0F1C55EDB4D}.Debug|Any CPU.ActiveCfg = Debug|Any CPU
		{D2962E5A-00E9-4922-B6F0-B0F1C55EDB4D}.Debug|Any CPU.Build.0 = Debug|Any CPU
		{D2962E5A-00E9-4922-B6F0-B0F1C55EDB4D}.Release|Any CPU.ActiveCfg = Release|Any CPU
		{D2962E5A-00E9-4922-B6F0-B0F1C55EDB4D}.Release|Any CPU.Build.0 = Release|Any CPU
		{0B0D7CA8-587A-4852-9D73-E61751EC3D9C}.Debug|Any CPU.ActiveCfg = Debug|Any CPU
		{0B0D7CA8-587A-4852-9D73-E61751EC3D9C}.Debug|Any CPU.Build.0 = Debug|Any CPU
		{0B0D7CA8-587A-4852-9D73-E61751EC3D9C}.Release|Any CPU.ActiveCfg = Release|Any CPU
		{0B0D7CA8-587A-4852-9D73-E61751EC3D9C}.Release|Any CPU.Build.0 = Release|Any CPU
		{045BF277-9B66-437C-955A-BDC90F8231AE}.Debug|Any CPU.ActiveCfg = Debug|Any CPU
		{045BF277-9B66-437C-955A-BDC90F8231AE}.Debug|Any CPU.Build.0 = Debug|Any CPU
		{045BF277-9B66-437C-955A-BDC90F8231AE}.Release|Any CPU.ActiveCfg = Release|Any CPU
		{045BF277-9B66-437C-955A-BDC90F8231AE}.Release|Any CPU.Build.0 = Release|Any CPU
		{CDA3A5FA-A237-486A-A559-7F3D9C1E2DAE}.Debug|Any CPU.ActiveCfg = Debug|Any CPU
		{CDA3A5FA-A237-486A-A559-7F3D9C1E2DAE}.Debug|Any CPU.Build.0 = Debug|Any CPU
		{CDA3A5FA-A237-486A-A559-7F3D9C1E2DAE}.Release|Any CPU.ActiveCfg = Release|Any CPU
		{CDA3A5FA-A237-486A-A559-7F3D9C1E2DAE}.Release|Any CPU.Build.0 = Release|Any CPU
		{06F1389A-9662-4C20-93EA-6B7CE523DC57}.Debug|Any CPU.ActiveCfg = Debug|Any CPU
		{06F1389A-9662-4C20-93EA-6B7CE523DC57}.Debug|Any CPU.Build.0 = Debug|Any CPU
		{06F1389A-9662-4C20-93EA-6B7CE523DC57}.Release|Any CPU.ActiveCfg = Release|Any CPU
		{06F1389A-9662-4C20-93EA-6B7CE523DC57}.Release|Any CPU.Build.0 = Release|Any CPU
		{6DC46A84-0ABB-4AA1-BE35-5D11970D5615}.Debug|Any CPU.ActiveCfg = Debug|Any CPU
		{6DC46A84-0ABB-4AA1-BE35-5D11970D5615}.Debug|Any CPU.Build.0 = Debug|Any CPU
		{6DC46A84-0ABB-4AA1-BE35-5D11970D5615}.Release|Any CPU.ActiveCfg = Release|Any CPU
		{6DC46A84-0ABB-4AA1-BE35-5D11970D5615}.Release|Any CPU.Build.0 = Release|Any CPU
		{B70B476F-9ED0-4C62-BB05-8716BE16EEB2}.Debug|Any CPU.ActiveCfg = Debug|Any CPU
		{B70B476F-9ED0-4C62-BB05-8716BE16EEB2}.Debug|Any CPU.Build.0 = Debug|Any CPU
		{B70B476F-9ED0-4C62-BB05-8716BE16EEB2}.Release|Any CPU.ActiveCfg = Release|Any CPU
		{B70B476F-9ED0-4C62-BB05-8716BE16EEB2}.Release|Any CPU.Build.0 = Release|Any CPU
		{F3385A51-5168-4750-BA7C-1D67F6EFC4E3}.Debug|Any CPU.ActiveCfg = Debug|Any CPU
		{F3385A51-5168-4750-BA7C-1D67F6EFC4E3}.Debug|Any CPU.Build.0 = Debug|Any CPU
		{F3385A51-5168-4750-BA7C-1D67F6EFC4E3}.Release|Any CPU.ActiveCfg = Release|Any CPU
		{F3385A51-5168-4750-BA7C-1D67F6EFC4E3}.Release|Any CPU.Build.0 = Release|Any CPU
		{4D1B214F-74D1-4B44-9238-4BA98FB9B6E5}.Debug|Any CPU.ActiveCfg = Debug|Any CPU
		{4D1B214F-74D1-4B44-9238-4BA98FB9B6E5}.Debug|Any CPU.Build.0 = Debug|Any CPU
		{4D1B214F-74D1-4B44-9238-4BA98FB9B6E5}.Release|Any CPU.ActiveCfg = Release|Any CPU
		{4D1B214F-74D1-4B44-9238-4BA98FB9B6E5}.Release|Any CPU.Build.0 = Release|Any CPU
		{888485DA-DA5F-4175-ABD2-F9F289A1AC75}.Debug|Any CPU.ActiveCfg = Debug|Any CPU
		{888485DA-DA5F-4175-ABD2-F9F289A1AC75}.Debug|Any CPU.Build.0 = Debug|Any CPU
		{888485DA-DA5F-4175-ABD2-F9F289A1AC75}.Release|Any CPU.ActiveCfg = Release|Any CPU
		{888485DA-DA5F-4175-ABD2-F9F289A1AC75}.Release|Any CPU.Build.0 = Release|Any CPU
		{BDF7CE0E-653C-4267-A4C1-39D54BCEE09D}.Debug|Any CPU.ActiveCfg = Debug|Any CPU
		{BDF7CE0E-653C-4267-A4C1-39D54BCEE09D}.Debug|Any CPU.Build.0 = Debug|Any CPU
		{BDF7CE0E-653C-4267-A4C1-39D54BCEE09D}.Release|Any CPU.ActiveCfg = Release|Any CPU
		{BDF7CE0E-653C-4267-A4C1-39D54BCEE09D}.Release|Any CPU.Build.0 = Release|Any CPU
		{5B998495-29A5-48F1-8272-244E282896A9}.Debug|Any CPU.ActiveCfg = Debug|Any CPU
		{5B998495-29A5-48F1-8272-244E282896A9}.Debug|Any CPU.Build.0 = Debug|Any CPU
		{5B998495-29A5-48F1-8272-244E282896A9}.Release|Any CPU.ActiveCfg = Release|Any CPU
		{5B998495-29A5-48F1-8272-244E282896A9}.Release|Any CPU.Build.0 = Release|Any CPU
		{1F9FE782-7C14-4188-883F-089B8EFC1D75}.Debug|Any CPU.ActiveCfg = Debug|Any CPU
		{1F9FE782-7C14-4188-883F-089B8EFC1D75}.Debug|Any CPU.Build.0 = Debug|Any CPU
		{1F9FE782-7C14-4188-883F-089B8EFC1D75}.Release|Any CPU.ActiveCfg = Release|Any CPU
		{1F9FE782-7C14-4188-883F-089B8EFC1D75}.Release|Any CPU.Build.0 = Release|Any CPU
		{9BD541EB-CD81-4DB4-ACE0-F1F74EF4AEA4}.Debug|Any CPU.ActiveCfg = Debug|Any CPU
		{9BD541EB-CD81-4DB4-ACE0-F1F74EF4AEA4}.Debug|Any CPU.Build.0 = Debug|Any CPU
		{9BD541EB-CD81-4DB4-ACE0-F1F74EF4AEA4}.Release|Any CPU.ActiveCfg = Release|Any CPU
		{9BD541EB-CD81-4DB4-ACE0-F1F74EF4AEA4}.Release|Any CPU.Build.0 = Release|Any CPU
		{08D7FAEA-83C3-406E-9254-AC5443E908CB}.Debug|Any CPU.ActiveCfg = Debug|Any CPU
		{08D7FAEA-83C3-406E-9254-AC5443E908CB}.Debug|Any CPU.Build.0 = Debug|Any CPU
		{08D7FAEA-83C3-406E-9254-AC5443E908CB}.Release|Any CPU.ActiveCfg = Release|Any CPU
		{08D7FAEA-83C3-406E-9254-AC5443E908CB}.Release|Any CPU.Build.0 = Release|Any CPU
		{DA963374-3F65-485A-A63E-3F3BCA1DA32B}.Debug|Any CPU.ActiveCfg = Debug|Any CPU
		{DA963374-3F65-485A-A63E-3F3BCA1DA32B}.Debug|Any CPU.Build.0 = Debug|Any CPU
		{DA963374-3F65-485A-A63E-3F3BCA1DA32B}.Release|Any CPU.ActiveCfg = Release|Any CPU
		{DA963374-3F65-485A-A63E-3F3BCA1DA32B}.Release|Any CPU.Build.0 = Release|Any CPU
		{4CA0DBAD-6A3E-4504-9C8F-11FBEFC27FAD}.Debug|Any CPU.ActiveCfg = Debug|Any CPU
		{4CA0DBAD-6A3E-4504-9C8F-11FBEFC27FAD}.Debug|Any CPU.Build.0 = Debug|Any CPU
		{4CA0DBAD-6A3E-4504-9C8F-11FBEFC27FAD}.Release|Any CPU.ActiveCfg = Release|Any CPU
		{4CA0DBAD-6A3E-4504-9C8F-11FBEFC27FAD}.Release|Any CPU.Build.0 = Release|Any CPU
		{C86F66AD-6E53-4BDF-95F2-1A7946011416}.Debug|Any CPU.ActiveCfg = Debug|Any CPU
		{C86F66AD-6E53-4BDF-95F2-1A7946011416}.Debug|Any CPU.Build.0 = Debug|Any CPU
		{C86F66AD-6E53-4BDF-95F2-1A7946011416}.Release|Any CPU.ActiveCfg = Release|Any CPU
		{C86F66AD-6E53-4BDF-95F2-1A7946011416}.Release|Any CPU.Build.0 = Release|Any CPU
		{A4C2575C-9F28-49CB-985C-BB0E00B27983}.Debug|Any CPU.ActiveCfg = Debug|Any CPU
		{A4C2575C-9F28-49CB-985C-BB0E00B27983}.Debug|Any CPU.Build.0 = Debug|Any CPU
		{A4C2575C-9F28-49CB-985C-BB0E00B27983}.Release|Any CPU.ActiveCfg = Release|Any CPU
		{A4C2575C-9F28-49CB-985C-BB0E00B27983}.Release|Any CPU.Build.0 = Release|Any CPU
		{78FF97EB-8075-454A-A043-4CE8A84DD86A}.Debug|Any CPU.ActiveCfg = Debug|Any CPU
		{78FF97EB-8075-454A-A043-4CE8A84DD86A}.Debug|Any CPU.Build.0 = Debug|Any CPU
		{78FF97EB-8075-454A-A043-4CE8A84DD86A}.Release|Any CPU.ActiveCfg = Release|Any CPU
		{78FF97EB-8075-454A-A043-4CE8A84DD86A}.Release|Any CPU.Build.0 = Release|Any CPU
		{6AEC6F55-13F8-4A54-A8E5-687E6933778E}.Debug|Any CPU.ActiveCfg = Debug|Any CPU
		{6AEC6F55-13F8-4A54-A8E5-687E6933778E}.Debug|Any CPU.Build.0 = Debug|Any CPU
		{6AEC6F55-13F8-4A54-A8E5-687E6933778E}.Release|Any CPU.ActiveCfg = Release|Any CPU
		{6AEC6F55-13F8-4A54-A8E5-687E6933778E}.Release|Any CPU.Build.0 = Release|Any CPU
		{40FB0DF5-0C1E-4B4A-9A35-56B3E4FD2464}.Debug|Any CPU.ActiveCfg = Debug|Any CPU
		{40FB0DF5-0C1E-4B4A-9A35-56B3E4FD2464}.Debug|Any CPU.Build.0 = Debug|Any CPU
		{40FB0DF5-0C1E-4B4A-9A35-56B3E4FD2464}.Release|Any CPU.ActiveCfg = Release|Any CPU
		{40FB0DF5-0C1E-4B4A-9A35-56B3E4FD2464}.Release|Any CPU.Build.0 = Release|Any CPU
		{4FCB24D6-45E7-4AD0-B598-213135FB91CA}.Debug|Any CPU.ActiveCfg = Debug|Any CPU
		{4FCB24D6-45E7-4AD0-B598-213135FB91CA}.Debug|Any CPU.Build.0 = Debug|Any CPU
		{4FCB24D6-45E7-4AD0-B598-213135FB91CA}.Release|Any CPU.ActiveCfg = Release|Any CPU
		{4FCB24D6-45E7-4AD0-B598-213135FB91CA}.Release|Any CPU.Build.0 = Release|Any CPU
		{3B6F7605-1B14-40B1-BEFE-4C53105A592C}.Debug|Any CPU.ActiveCfg = Debug|Any CPU
		{3B6F7605-1B14-40B1-BEFE-4C53105A592C}.Debug|Any CPU.Build.0 = Debug|Any CPU
		{3B6F7605-1B14-40B1-BEFE-4C53105A592C}.Release|Any CPU.ActiveCfg = Release|Any CPU
		{3B6F7605-1B14-40B1-BEFE-4C53105A592C}.Release|Any CPU.Build.0 = Release|Any CPU
		{CCA0D06E-57EA-4812-9E2B-2B25984CC4AC}.Debug|Any CPU.ActiveCfg = Debug|Any CPU
		{CCA0D06E-57EA-4812-9E2B-2B25984CC4AC}.Debug|Any CPU.Build.0 = Debug|Any CPU
		{CCA0D06E-57EA-4812-9E2B-2B25984CC4AC}.Release|Any CPU.ActiveCfg = Release|Any CPU
		{CCA0D06E-57EA-4812-9E2B-2B25984CC4AC}.Release|Any CPU.Build.0 = Release|Any CPU
		{4A0774F1-C38D-4AF8-A9C7-EA2F35C2FE65}.Debug|Any CPU.ActiveCfg = Debug|Any CPU
		{4A0774F1-C38D-4AF8-A9C7-EA2F35C2FE65}.Debug|Any CPU.Build.0 = Debug|Any CPU
		{4A0774F1-C38D-4AF8-A9C7-EA2F35C2FE65}.Release|Any CPU.ActiveCfg = Release|Any CPU
		{4A0774F1-C38D-4AF8-A9C7-EA2F35C2FE65}.Release|Any CPU.Build.0 = Release|Any CPU
		{5C7B19D8-6F45-42AB-9426-6A1FBAC7ECE3}.Debug|Any CPU.ActiveCfg = Debug|Any CPU
		{5C7B19D8-6F45-42AB-9426-6A1FBAC7ECE3}.Debug|Any CPU.Build.0 = Debug|Any CPU
		{5C7B19D8-6F45-42AB-9426-6A1FBAC7ECE3}.Release|Any CPU.ActiveCfg = Release|Any CPU
		{5C7B19D8-6F45-42AB-9426-6A1FBAC7ECE3}.Release|Any CPU.Build.0 = Release|Any CPU
		{153FDDC1-B47A-4EED-85A3-92E987D9E025}.Debug|Any CPU.ActiveCfg = Debug|Any CPU
		{153FDDC1-B47A-4EED-85A3-92E987D9E025}.Debug|Any CPU.Build.0 = Debug|Any CPU
		{153FDDC1-B47A-4EED-85A3-92E987D9E025}.Release|Any CPU.ActiveCfg = Release|Any CPU
		{153FDDC1-B47A-4EED-85A3-92E987D9E025}.Release|Any CPU.Build.0 = Release|Any CPU
		{76DF231B-FD46-48AD-B4A3-109FDD15E535}.Debug|Any CPU.ActiveCfg = Debug|Any CPU
		{76DF231B-FD46-48AD-B4A3-109FDD15E535}.Debug|Any CPU.Build.0 = Debug|Any CPU
		{76DF231B-FD46-48AD-B4A3-109FDD15E535}.Release|Any CPU.ActiveCfg = Release|Any CPU
		{76DF231B-FD46-48AD-B4A3-109FDD15E535}.Release|Any CPU.Build.0 = Release|Any CPU
		{75DB856E-B857-4CF7-A502-901C7ACE48BC}.Debug|Any CPU.ActiveCfg = Debug|Any CPU
		{75DB856E-B857-4CF7-A502-901C7ACE48BC}.Debug|Any CPU.Build.0 = Debug|Any CPU
		{75DB856E-B857-4CF7-A502-901C7ACE48BC}.Release|Any CPU.ActiveCfg = Release|Any CPU
		{75DB856E-B857-4CF7-A502-901C7ACE48BC}.Release|Any CPU.Build.0 = Release|Any CPU
		{2655B48E-1311-4DA5-B736-D4135BCEF83E}.Debug|Any CPU.ActiveCfg = Debug|Any CPU
		{2655B48E-1311-4DA5-B736-D4135BCEF83E}.Debug|Any CPU.Build.0 = Debug|Any CPU
		{2655B48E-1311-4DA5-B736-D4135BCEF83E}.Release|Any CPU.ActiveCfg = Release|Any CPU
		{2655B48E-1311-4DA5-B736-D4135BCEF83E}.Release|Any CPU.Build.0 = Release|Any CPU
		{36F6654C-837D-4785-8E97-7CAFE98AE6F9}.Debug|Any CPU.ActiveCfg = Debug|Any CPU
		{36F6654C-837D-4785-8E97-7CAFE98AE6F9}.Debug|Any CPU.Build.0 = Debug|Any CPU
		{36F6654C-837D-4785-8E97-7CAFE98AE6F9}.Release|Any CPU.ActiveCfg = Release|Any CPU
		{36F6654C-837D-4785-8E97-7CAFE98AE6F9}.Release|Any CPU.Build.0 = Release|Any CPU
		{4588DFCA-661A-4D4D-A2D3-C1C4755D4F81}.Debug|Any CPU.ActiveCfg = Debug|Any CPU
		{4588DFCA-661A-4D4D-A2D3-C1C4755D4F81}.Debug|Any CPU.Build.0 = Debug|Any CPU
		{4588DFCA-661A-4D4D-A2D3-C1C4755D4F81}.Release|Any CPU.ActiveCfg = Release|Any CPU
		{4588DFCA-661A-4D4D-A2D3-C1C4755D4F81}.Release|Any CPU.Build.0 = Release|Any CPU
		{86E58615-7C00-4A06-8828-A8BA41400C8E}.Debug|Any CPU.ActiveCfg = Debug|Any CPU
		{86E58615-7C00-4A06-8828-A8BA41400C8E}.Debug|Any CPU.Build.0 = Debug|Any CPU
		{86E58615-7C00-4A06-8828-A8BA41400C8E}.Release|Any CPU.ActiveCfg = Release|Any CPU
		{86E58615-7C00-4A06-8828-A8BA41400C8E}.Release|Any CPU.Build.0 = Release|Any CPU
		{4F649757-599C-4810-BD2C-9896129DF2C7}.Debug|Any CPU.ActiveCfg = Debug|Any CPU
		{4F649757-599C-4810-BD2C-9896129DF2C7}.Debug|Any CPU.Build.0 = Debug|Any CPU
		{4F649757-599C-4810-BD2C-9896129DF2C7}.Release|Any CPU.ActiveCfg = Release|Any CPU
		{4F649757-599C-4810-BD2C-9896129DF2C7}.Release|Any CPU.Build.0 = Release|Any CPU
		{8966318E-9489-47EF-9291-512C2285EF97}.Debug|Any CPU.ActiveCfg = Debug|Any CPU
		{8966318E-9489-47EF-9291-512C2285EF97}.Debug|Any CPU.Build.0 = Debug|Any CPU
		{8966318E-9489-47EF-9291-512C2285EF97}.Release|Any CPU.ActiveCfg = Release|Any CPU
		{8966318E-9489-47EF-9291-512C2285EF97}.Release|Any CPU.Build.0 = Release|Any CPU
		{487892F0-752D-4690-A343-BCA8240BF864}.Debug|Any CPU.ActiveCfg = Debug|Any CPU
		{487892F0-752D-4690-A343-BCA8240BF864}.Debug|Any CPU.Build.0 = Debug|Any CPU
		{487892F0-752D-4690-A343-BCA8240BF864}.Release|Any CPU.ActiveCfg = Release|Any CPU
		{487892F0-752D-4690-A343-BCA8240BF864}.Release|Any CPU.Build.0 = Release|Any CPU
		{A055CD57-432B-4C78-A2B2-69A64207C271}.Debug|Any CPU.ActiveCfg = Debug|Any CPU
		{A055CD57-432B-4C78-A2B2-69A64207C271}.Debug|Any CPU.Build.0 = Debug|Any CPU
		{A055CD57-432B-4C78-A2B2-69A64207C271}.Release|Any CPU.ActiveCfg = Release|Any CPU
		{A055CD57-432B-4C78-A2B2-69A64207C271}.Release|Any CPU.Build.0 = Release|Any CPU
		{B9EA2EBF-FA83-4BB9-9B63-D979A8B77AF6}.Debug|Any CPU.ActiveCfg = Debug|Any CPU
		{B9EA2EBF-FA83-4BB9-9B63-D979A8B77AF6}.Debug|Any CPU.Build.0 = Debug|Any CPU
		{B9EA2EBF-FA83-4BB9-9B63-D979A8B77AF6}.Release|Any CPU.ActiveCfg = Release|Any CPU
		{B9EA2EBF-FA83-4BB9-9B63-D979A8B77AF6}.Release|Any CPU.Build.0 = Release|Any CPU
		{C729692E-3107-4C9E-BFA9-80BCF22EF45B}.Debug|Any CPU.ActiveCfg = Debug|Any CPU
		{C729692E-3107-4C9E-BFA9-80BCF22EF45B}.Debug|Any CPU.Build.0 = Debug|Any CPU
		{C729692E-3107-4C9E-BFA9-80BCF22EF45B}.Release|Any CPU.ActiveCfg = Release|Any CPU
		{C729692E-3107-4C9E-BFA9-80BCF22EF45B}.Release|Any CPU.Build.0 = Release|Any CPU
		{FBFE554D-5CD5-4659-94C5-22BA778F91DD}.Debug|Any CPU.ActiveCfg = Debug|Any CPU
		{FBFE554D-5CD5-4659-94C5-22BA778F91DD}.Debug|Any CPU.Build.0 = Debug|Any CPU
		{FBFE554D-5CD5-4659-94C5-22BA778F91DD}.Release|Any CPU.ActiveCfg = Release|Any CPU
		{FBFE554D-5CD5-4659-94C5-22BA778F91DD}.Release|Any CPU.Build.0 = Release|Any CPU
		{9BD523B6-274F-49D3-96DB-EB5475F77DEA}.Debug|Any CPU.ActiveCfg = Debug|Any CPU
		{9BD523B6-274F-49D3-96DB-EB5475F77DEA}.Debug|Any CPU.Build.0 = Debug|Any CPU
		{9BD523B6-274F-49D3-96DB-EB5475F77DEA}.Release|Any CPU.ActiveCfg = Release|Any CPU
		{9BD523B6-274F-49D3-96DB-EB5475F77DEA}.Release|Any CPU.Build.0 = Release|Any CPU
		{C35D1E08-6FC1-4C15-A93D-BE1B0ABE6C99}.Debug|Any CPU.ActiveCfg = Debug|Any CPU
		{C35D1E08-6FC1-4C15-A93D-BE1B0ABE6C99}.Debug|Any CPU.Build.0 = Debug|Any CPU
		{C35D1E08-6FC1-4C15-A93D-BE1B0ABE6C99}.Release|Any CPU.ActiveCfg = Release|Any CPU
		{C35D1E08-6FC1-4C15-A93D-BE1B0ABE6C99}.Release|Any CPU.Build.0 = Release|Any CPU
	EndGlobalSection
	GlobalSection(SolutionProperties) = preSolution
		HideSolutionNode = FALSE
	EndGlobalSection
	GlobalSection(NestedProjects) = preSolution
		{8F011423-7CE1-49C2-A482-68A46F73DFCE} = {5578D600-1337-4CC2-B6BA-824F70B197EE}
		{81E23217-D04B-45C4-94AE-9D2B7391C4E2} = {5578D600-1337-4CC2-B6BA-824F70B197EE}
		{9BA8CACD-EEC3-4EAB-A520-7D5BAFFD76D6} = {5578D600-1337-4CC2-B6BA-824F70B197EE}
		{9A3EFFEB-61B6-4139-B139-785DCDE4328D} = {5578D600-1337-4CC2-B6BA-824F70B197EE}
		{C7BD8BAD-2F54-41F3-A1DE-93800EB617CC} = {5578D600-1337-4CC2-B6BA-824F70B197EE}
		{228936F9-A4D8-47DC-96C8-0316FFC3793B} = {5578D600-1337-4CC2-B6BA-824F70B197EE}
		{5DEA1F19-9110-4D89-8078-2BA39796BA3D} = {5578D600-1337-4CC2-B6BA-824F70B197EE}
		{45848893-BCCB-4F5F-B395-F41C57960ACD} = {5578D600-1337-4CC2-B6BA-824F70B197EE}
		{698893C4-1487-4939-AB86-59DC36BA430C} = {5578D600-1337-4CC2-B6BA-824F70B197EE}
		{1BB565E5-631B-4529-A36C-3D4D08FEFFEC} = {5578D600-1337-4CC2-B6BA-824F70B197EE}
		{809028A4-84D7-4538-9810-9B26CDA24CC5} = {5578D600-1337-4CC2-B6BA-824F70B197EE}
		{3798F9C5-2D49-4F92-B122-372D00D31EC3} = {5578D600-1337-4CC2-B6BA-824F70B197EE}
		{68121D3E-B97D-48DE-9C1B-0D278B561A67} = {5578D600-1337-4CC2-B6BA-824F70B197EE}
		{8C267CC7-74FD-445B-88D8-6FBCF2F804EB} = {5578D600-1337-4CC2-B6BA-824F70B197EE}
		{53CCA27C-29DE-427A-9C1B-0B4D0EDDCEC1} = {FC07380A-5370-4CB5-B531-7C659D5600D2}
		{298FEB3A-F2C1-4024-9E2D-8D936D618619} = {FC07380A-5370-4CB5-B531-7C659D5600D2}
		{BE5F2152-469E-438C-B99E-4F493BB81867} = {FC07380A-5370-4CB5-B531-7C659D5600D2}
		{C5432465-396F-43B2-A3B4-B8F9BD452DCD} = {FC07380A-5370-4CB5-B531-7C659D5600D2}
		{4EBBF5F7-E581-47DC-91AE-00D912A3EB3F} = {FC07380A-5370-4CB5-B531-7C659D5600D2}
		{CD00F84A-C58C-4AC7-B3DA-E16346ED49D5} = {FC07380A-5370-4CB5-B531-7C659D5600D2}
		{646D94AA-2654-4321-8890-61EA250835C1} = {FC07380A-5370-4CB5-B531-7C659D5600D2}
		{E9B02C29-3A22-42DE-A6FF-059826F0F2E7} = {FC07380A-5370-4CB5-B531-7C659D5600D2}
		{998C92ED-2517-4952-87E3-0C881E39CEB7} = {FC07380A-5370-4CB5-B531-7C659D5600D2}
		{1C5EE993-786A-4766-85E1-7D68E79B7215} = {FC07380A-5370-4CB5-B531-7C659D5600D2}
		{763C6FB0-6106-4993-9202-E972257278B6} = {FC07380A-5370-4CB5-B531-7C659D5600D2}
		{5322D9F1-EA14-43D2-9C1F-987F72CF07FE} = {FC07380A-5370-4CB5-B531-7C659D5600D2}
		{899D1065-7FEA-445E-8F63-0D344BAFF14C} = {FC07380A-5370-4CB5-B531-7C659D5600D2}
		{05A6D3FA-E8D1-4209-9B6B-A6BC08DC4E4B} = {FC07380A-5370-4CB5-B531-7C659D5600D2}
		{33623B64-C6A2-474A-A64D-F36616E9B613} = {FC07380A-5370-4CB5-B531-7C659D5600D2}
		{0C206247-F561-4CD0-B8A4-63F2CBDC7179} = {FC07380A-5370-4CB5-B531-7C659D5600D2}
		{DF56EE8C-74C4-463C-8B21-C8744FDF7CBB} = {FC07380A-5370-4CB5-B531-7C659D5600D2}
		{179253A2-785A-43AD-A70A-E6CA01BA9F9B} = {FC07380A-5370-4CB5-B531-7C659D5600D2}
		{DEF1F454-B135-4FBC-9A79-F62F48049A0B} = {FC07380A-5370-4CB5-B531-7C659D5600D2}
		{55F3D271-92A2-44F8-8352-B9349A9B291A} = {FC07380A-5370-4CB5-B531-7C659D5600D2}
		{6C3FC429-E724-47BF-90F2-99F6A0672FF1} = {FC07380A-5370-4CB5-B531-7C659D5600D2}
		{12C6F547-383D-4B50-9D3F-D4DD922F7671} = {FC07380A-5370-4CB5-B531-7C659D5600D2}
		{4E0428ED-FB6F-4575-ADBB-3094AC48BA92} = {FC07380A-5370-4CB5-B531-7C659D5600D2}
		{EE388912-2758-4CFF-9B49-80CAF446874D} = {FC07380A-5370-4CB5-B531-7C659D5600D2}
		{87FCA539-8325-4FEC-9AF7-50B32FD8C94A} = {FC07380A-5370-4CB5-B531-7C659D5600D2}
		{AD6AF922-455D-48E8-981A-612B2A19EF3C} = {FC07380A-5370-4CB5-B531-7C659D5600D2}
		{36F3F6D9-8563-4177-960A-0188DC631504} = {FC07380A-5370-4CB5-B531-7C659D5600D2}
		{BD276877-70F7-47C2-B357-BFEEBBAFD421} = {FC07380A-5370-4CB5-B531-7C659D5600D2}
		{57B3044D-6D59-4129-83E9-99B3DE395657} = {FC07380A-5370-4CB5-B531-7C659D5600D2}
		{9C494D24-6955-4CCD-BD2A-BBC9853D83A0} = {FC07380A-5370-4CB5-B531-7C659D5600D2}
		{595BA57A-3C40-492A-A775-8B6AD719724D} = {FC07380A-5370-4CB5-B531-7C659D5600D2}
		{C6A43038-B845-4049-A902-53EE4547F3C0} = {8CEBFC8A-511D-4FB9-9A03-05BC145199C3}
		{522EEC4F-49B6-424A-8B0A-DC4022FC0A97} = {8CEBFC8A-511D-4FB9-9A03-05BC145199C3}
		{2A764688-3885-4C6A-AD60-8E94E5EF2E15} = {8CEBFC8A-511D-4FB9-9A03-05BC145199C3}
		{ECE21E62-6686-42E9-9F5D-4C25D00AC407} = {8CEBFC8A-511D-4FB9-9A03-05BC145199C3}
		{C80D7156-68CD-4EDB-8B95-D10440CBBA35} = {8CEBFC8A-511D-4FB9-9A03-05BC145199C3}
		{4947F79A-5D62-4777-9EEC-92AED0D468BF} = {8CEBFC8A-511D-4FB9-9A03-05BC145199C3}
		{3AC29B79-06F9-4EC7-A7DA-D1962FAE8A59} = {8CEBFC8A-511D-4FB9-9A03-05BC145199C3}
		{02A4FF34-49AE-4D3C-A7CB-8B73C353EECC} = {8CEBFC8A-511D-4FB9-9A03-05BC145199C3}
		{AE9B1687-EAFE-4544-AE4B-374C25573711} = {8CEBFC8A-511D-4FB9-9A03-05BC145199C3}
		{AB431D42-0199-441C-9AFE-E5D36A261156} = {8CEBFC8A-511D-4FB9-9A03-05BC145199C3}
		{93EA0341-09F3-4245-A188-E9678681D8FE} = {8CEBFC8A-511D-4FB9-9A03-05BC145199C3}
		{58788279-1543-4690-BC70-C68A5874883A} = {8CEBFC8A-511D-4FB9-9A03-05BC145199C3}
		{C52ACA25-A78E-411D-9524-46982928593E} = {8CEBFC8A-511D-4FB9-9A03-05BC145199C3}
		{ADC98CA0-1D07-4EB5-A5B1-775225F06973} = {8CEBFC8A-511D-4FB9-9A03-05BC145199C3}
		{FA0FC8B3-182A-4F5A-889C-83B913072B15} = {8CEBFC8A-511D-4FB9-9A03-05BC145199C3}
		{3E62BB63-1812-4E4C-A235-B9AA43464EBC} = {8CEBFC8A-511D-4FB9-9A03-05BC145199C3}
		{AA697E7A-5B89-4DA4-9D15-0AE2C4A86ADB} = {8CEBFC8A-511D-4FB9-9A03-05BC145199C3}
		{D2962E5A-00E9-4922-B6F0-B0F1C55EDB4D} = {8CEBFC8A-511D-4FB9-9A03-05BC145199C3}
		{0B0D7CA8-587A-4852-9D73-E61751EC3D9C} = {8CEBFC8A-511D-4FB9-9A03-05BC145199C3}
		{045BF277-9B66-437C-955A-BDC90F8231AE} = {8CEBFC8A-511D-4FB9-9A03-05BC145199C3}
		{CDA3A5FA-A237-486A-A559-7F3D9C1E2DAE} = {8CEBFC8A-511D-4FB9-9A03-05BC145199C3}
		{06F1389A-9662-4C20-93EA-6B7CE523DC57} = {8CEBFC8A-511D-4FB9-9A03-05BC145199C3}
		{6DC46A84-0ABB-4AA1-BE35-5D11970D5615} = {8CEBFC8A-511D-4FB9-9A03-05BC145199C3}
		{B70B476F-9ED0-4C62-BB05-8716BE16EEB2} = {8CEBFC8A-511D-4FB9-9A03-05BC145199C3}
		{F3385A51-5168-4750-BA7C-1D67F6EFC4E3} = {8CEBFC8A-511D-4FB9-9A03-05BC145199C3}
		{4D1B214F-74D1-4B44-9238-4BA98FB9B6E5} = {8CEBFC8A-511D-4FB9-9A03-05BC145199C3}
		{888485DA-DA5F-4175-ABD2-F9F289A1AC75} = {8CEBFC8A-511D-4FB9-9A03-05BC145199C3}
		{BDF7CE0E-653C-4267-A4C1-39D54BCEE09D} = {8CEBFC8A-511D-4FB9-9A03-05BC145199C3}
		{5B998495-29A5-48F1-8272-244E282896A9} = {8CEBFC8A-511D-4FB9-9A03-05BC145199C3}
		{1F9FE782-7C14-4188-883F-089B8EFC1D75} = {8CEBFC8A-511D-4FB9-9A03-05BC145199C3}
		{9BD541EB-CD81-4DB4-ACE0-F1F74EF4AEA4} = {8CEBFC8A-511D-4FB9-9A03-05BC145199C3}
		{08D7FAEA-83C3-406E-9254-AC5443E908CB} = {8CEBFC8A-511D-4FB9-9A03-05BC145199C3}
		{DA963374-3F65-485A-A63E-3F3BCA1DA32B} = {8CEBFC8A-511D-4FB9-9A03-05BC145199C3}
		{4CA0DBAD-6A3E-4504-9C8F-11FBEFC27FAD} = {1E27686E-B79C-4743-BF82-330AA22F6056}
		{C86F66AD-6E53-4BDF-95F2-1A7946011416} = {1E27686E-B79C-4743-BF82-330AA22F6056}
		{A4C2575C-9F28-49CB-985C-BB0E00B27983} = {1E27686E-B79C-4743-BF82-330AA22F6056}
		{78FF97EB-8075-454A-A043-4CE8A84DD86A} = {1E27686E-B79C-4743-BF82-330AA22F6056}
		{6AEC6F55-13F8-4A54-A8E5-687E6933778E} = {1E27686E-B79C-4743-BF82-330AA22F6056}
		{40FB0DF5-0C1E-4B4A-9A35-56B3E4FD2464} = {1E27686E-B79C-4743-BF82-330AA22F6056}
		{4FCB24D6-45E7-4AD0-B598-213135FB91CA} = {1E27686E-B79C-4743-BF82-330AA22F6056}
		{3B6F7605-1B14-40B1-BEFE-4C53105A592C} = {1E27686E-B79C-4743-BF82-330AA22F6056}
		{CCA0D06E-57EA-4812-9E2B-2B25984CC4AC} = {1E27686E-B79C-4743-BF82-330AA22F6056}
		{4A0774F1-C38D-4AF8-A9C7-EA2F35C2FE65} = {1E27686E-B79C-4743-BF82-330AA22F6056}
		{5C7B19D8-6F45-42AB-9426-6A1FBAC7ECE3} = {1E27686E-B79C-4743-BF82-330AA22F6056}
		{153FDDC1-B47A-4EED-85A3-92E987D9E025} = {1E27686E-B79C-4743-BF82-330AA22F6056}
		{76DF231B-FD46-48AD-B4A3-109FDD15E535} = {1E27686E-B79C-4743-BF82-330AA22F6056}
		{75DB856E-B857-4CF7-A502-901C7ACE48BC} = {1E27686E-B79C-4743-BF82-330AA22F6056}
		{2655B48E-1311-4DA5-B736-D4135BCEF83E} = {1E27686E-B79C-4743-BF82-330AA22F6056}
		{36F6654C-837D-4785-8E97-7CAFE98AE6F9} = {1E27686E-B79C-4743-BF82-330AA22F6056}
		{4588DFCA-661A-4D4D-A2D3-C1C4755D4F81} = {1E27686E-B79C-4743-BF82-330AA22F6056}
		{86E58615-7C00-4A06-8828-A8BA41400C8E} = {1E27686E-B79C-4743-BF82-330AA22F6056}
		{4F649757-599C-4810-BD2C-9896129DF2C7} = {1E27686E-B79C-4743-BF82-330AA22F6056}
		{8966318E-9489-47EF-9291-512C2285EF97} = {1E27686E-B79C-4743-BF82-330AA22F6056}
		{487892F0-752D-4690-A343-BCA8240BF864} = {1E27686E-B79C-4743-BF82-330AA22F6056}
		{A055CD57-432B-4C78-A2B2-69A64207C271} = {1E27686E-B79C-4743-BF82-330AA22F6056}
		{B9EA2EBF-FA83-4BB9-9B63-D979A8B77AF6} = {1E27686E-B79C-4743-BF82-330AA22F6056}
		{C729692E-3107-4C9E-BFA9-80BCF22EF45B} = {1E27686E-B79C-4743-BF82-330AA22F6056}
		{FBFE554D-5CD5-4659-94C5-22BA778F91DD} = {1E27686E-B79C-4743-BF82-330AA22F6056}
		{9BD523B6-274F-49D3-96DB-EB5475F77DEA} = {1E27686E-B79C-4743-BF82-330AA22F6056}
		{C35D1E08-6FC1-4C15-A93D-BE1B0ABE6C99} = {1E27686E-B79C-4743-BF82-330AA22F6056}
	EndGlobalSection
EndGlobal
